
Microsoft Visual Studio Solution File, Format Version 12.00
# Visual Studio Version 16
VisualStudioVersion = 16.0.31624.102
MinimumVisualStudioVersion = 10.0.40219.1
Project("{9A19103F-16F7-4668-BE54-9A1E7A4F7556}") = "WebApplication1", "WebApplication1\WebApplication1.csproj", "{C5E83F24-7D50-46E9-AEF5-D23917608496}"
EndProject
Project("{9A19103F-16F7-4668-BE54-9A1E7A4F7556}") = "sqlapp", "sqlapp\sqlapp.csproj", "{4CFDDE0E-E358-4155-8527-15ABA3AD8B45}"
EndProject
Global
	GlobalSection(SolutionConfigurationPlatforms) = preSolution
		Debug|Any CPU = Debug|Any CPU
		Release|Any CPU = Release|Any CPU
	EndGlobalSection
	GlobalSection(ProjectConfigurationPlatforms) = postSolution
		{C5E83F24-7D50-46E9-AEF5-D23917608496}.Debug|Any CPU.ActiveCfg = Debug|Any CPU
		{C5E83F24-7D50-46E9-AEF5-D23917608496}.Debug|Any CPU.Build.0 = Debug|Any CPU
		{C5E83F24-7D50-46E9-AEF5-D23917608496}.Release|Any CPU.ActiveCfg = Release|Any CPU
		{C5E83F24-7D50-46E9-AEF5-D23917608496}.Release|Any CPU.Build.0 = Release|Any CPU
		{4CFDDE0E-E358-4155-8527-15ABA3AD8B45}.Debug|Any CPU.ActiveCfg = Debug|Any CPU
		{4CFDDE0E-E358-4155-8527-15ABA3AD8B45}.Debug|Any CPU.Build.0 = Debug|Any CPU
		{4CFDDE0E-E358-4155-8527-15ABA3AD8B45}.Release|Any CPU.ActiveCfg = Release|Any CPU
		{4CFDDE0E-E358-4155-8527-15ABA3AD8B45}.Release|Any CPU.Build.0 = Release|Any CPU
	EndGlobalSection
	GlobalSection(SolutionProperties) = preSolution
		HideSolutionNode = FALSE
	EndGlobalSection
	GlobalSection(ExtensibilityGlobals) = postSolution
		SolutionGuid = {DCE256BF-3259-47D3-B7D0-C5286D71FF0A}
	EndGlobalSection
EndGlobal
